
Microsoft Visual Studio Solution File, Format Version 12.00
# Visual Studio Version 17
VisualStudioVersion = 17.11.35303.130
MinimumVisualStudioVersion = 10.0.40219.1
Project("{FAE04EC0-301F-11D3-BF4B-00C04F79EFBC}") = "Datahub-System-Goal", "Datahub-System-Goal.csproj", "{11B0033E-B624-4E08-9733-5F230F7D2E9B}"
EndProject
Global
	GlobalSection(SolutionConfigurationPlatforms) = preSolution
		Debug|Any CPU = Debug|Any CPU
		Release|Any CPU = Release|Any CPU
	EndGlobalSection
	GlobalSection(ProjectConfigurationPlatforms) = postSolution
		{11B0033E-B624-4E08-9733-5F230F7D2E9B}.Debug|Any CPU.ActiveCfg = Debug|Any CPU
		{11B0033E-B624-4E08-9733-5F230F7D2E9B}.Debug|Any CPU.Build.0 = Debug|Any CPU
		{11B0033E-B624-4E08-9733-5F230F7D2E9B}.Release|Any CPU.ActiveCfg = Release|Any CPU
		{11B0033E-B624-4E08-9733-5F230F7D2E9B}.Release|Any CPU.Build.0 = Release|Any CPU
	EndGlobalSection
	GlobalSection(SolutionProperties) = preSolution
		HideSolutionNode = FALSE
	EndGlobalSection
	GlobalSection(ExtensibilityGlobals) = postSolution
		SolutionGuid = {17149225-157D-40FB-BC70-C5A12D3B959D}
	EndGlobalSection
EndGlobal
